
Microsoft Visual Studio Solution File, Format Version 11.00
# Visual Studio 2010
Project("{FAE04EC0-301F-11D3-BF4B-00C04F79EFBC}") = "Assembly-CSharp", "Assembly-CSharp.csproj", "{2b65284d-2d29-2614-2e0b-89aefcf7c4f7}"
EndProject
Project("{FAE04EC0-301F-11D3-BF4B-00C04F79EFBC}") = "Assembly-CSharp-firstpass", "Assembly-CSharp-firstpass.csproj", "{0e81ecaa-ea8c-3e11-1b69-8a6c0d5776dc}"
EndProject
Project("{FAE04EC0-301F-11D3-BF4B-00C04F79EFBC}") = "Assembly-CSharp-Editor", "Assembly-CSharp-Editor.csproj", "{e25e3893-c0b5-9dc4-1e19-7845c9d316c7}"
EndProject
Global
	GlobalSection(SolutionConfigurationPlatforms) = preSolution
		Debug|Any CPU = Debug|Any CPU
	EndGlobalSection
	GlobalSection(ProjectConfigurationPlatforms) = postSolution
		{2b65284d-2d29-2614-2e0b-89aefcf7c4f7}.Debug|Any CPU.ActiveCfg = Debug|Any CPU
		{2b65284d-2d29-2614-2e0b-89aefcf7c4f7}.Debug|Any CPU.Build.0 = Debug|Any CPU
		{0e81ecaa-ea8c-3e11-1b69-8a6c0d5776dc}.Debug|Any CPU.ActiveCfg = Debug|Any CPU
		{0e81ecaa-ea8c-3e11-1b69-8a6c0d5776dc}.Debug|Any CPU.Build.0 = Debug|Any CPU
		{e25e3893-c0b5-9dc4-1e19-7845c9d316c7}.Debug|Any CPU.ActiveCfg = Debug|Any CPU
		{e25e3893-c0b5-9dc4-1e19-7845c9d316c7}.Debug|Any CPU.Build.0 = Debug|Any CPU
	EndGlobalSection
	GlobalSection(SolutionProperties) = preSolution
		HideSolutionNode = FALSE
	EndGlobalSection
EndGlobal
